
Microsoft Visual Studio Solution File, Format Version 12.00
# Visual Studio 2013
VisualStudioVersion = 12.0
MinimumVisualStudioVersion = 12.0
Project("{2150E333-8FDC-42A3-9474-1A3956D46DE8}") = "VmDetectorSys-Package", "VmDetectorSys-Package", "{CB0D9256-9915-4222-83CF-17F634AD0354}"
EndProject
Project("{8BC9CEB8-8B4A-11D0-8D11-00A0C91BC942}") = "VmDetectorSys-Package", "VmDetectorSys-Package\VmDetectorSys-Package.vcxproj", "{F2708006-1032-4832-9122-109418C97549}"
EndProject
Project("{8BC9CEB8-8B4A-11D0-8D11-00A0C91BC942}") = "VmDetectorSys", "VmDetectorSys.vcxproj", "{1BD732CD-3775-4EE3-9A0D-B55D2E06DC37}"
EndProject
Global
	GlobalSection(SolutionConfigurationPlatforms) = preSolution
		Win8.1 Debug|Win32 = Win8.1 Debug|Win32
		Win8.1 Debug|x64 = Win8.1 Debug|x64
		Win8.1 Release|Win32 = Win8.1 Release|Win32
		Win8.1 Release|x64 = Win8.1 Release|x64
		Win8 Debug|Win32 = Win8 Debug|Win32
		Win8 Debug|x64 = Win8 Debug|x64
		Win8 Release|Win32 = Win8 Release|Win32
		Win8 Release|x64 = Win8 Release|x64
		Win7 Debug|Win32 = Win7 Debug|Win32
		Win7 Debug|x64 = Win7 Debug|x64
		Win7 Release|Win32 = Win7 Release|Win32
		Win7 Release|x64 = Win7 Release|x64
	EndGlobalSection
	GlobalSection(ProjectConfigurationPlatforms) = postSolution
		{F2708006-1032-4832-9122-109418C97549}.Win8.1 Debug|Win32.ActiveCfg = Win8.1 Debug|Win32
		{F2708006-1032-4832-9122-109418C97549}.Win8.1 Debug|Win32.Build.0 = Win8.1 Debug|Win32
		{F2708006-1032-4832-9122-109418C97549}.Win8.1 Debug|x64.ActiveCfg = Win8.1 Debug|x64
		{F2708006-1032-4832-9122-109418C97549}.Win8.1 Debug|x64.Build.0 = Win8.1 Debug|x64
		{F2708006-1032-4832-9122-109418C97549}.Win8.1 Release|Win32.ActiveCfg = Win8.1 Release|Win32
		{F2708006-1032-4832-9122-109418C97549}.Win8.1 Release|Win32.Build.0 = Win8.1 Release|Win32
		{F2708006-1032-4832-9122-109418C97549}.Win8.1 Release|x64.ActiveCfg = Win8.1 Release|x64
		{F2708006-1032-4832-9122-109418C97549}.Win8.1 Release|x64.Build.0 = Win8.1 Release|x64
		{F2708006-1032-4832-9122-109418C97549}.Win8 Debug|Win32.ActiveCfg = Win8 Debug|Win32
		{F2708006-1032-4832-9122-109418C97549}.Win8 Debug|Win32.Build.0 = Win8 Debug|Win32
		{F2708006-1032-4832-9122-109418C97549}.Win8 Debug|x64.ActiveCfg = Win8 Debug|x64
		{F2708006-1032-4832-9122-109418C97549}.Win8 Debug|x64.Build.0 = Win8 Debug|x64
		{F2708006-1032-4832-9122-109418C97549}.Win8 Release|Win32.ActiveCfg = Win8 Release|Win32
		{F2708006-1032-4832-9122-109418C97549}.Win8 Release|Win32.Build.0 = Win8 Release|Win32
		{F2708006-1032-4832-9122-109418C97549}.Win8 Release|x64.ActiveCfg = Win8 Release|x64
		{F2708006-1032-4832-9122-109418C97549}.Win8 Release|x64.Build.0 = Win8 Release|x64
		{F2708006-1032-4832-9122-109418C97549}.Win7 Debug|Win32.ActiveCfg = Win7 Debug|Win32
		{F2708006-1032-4832-9122-109418C97549}.Win7 Debug|Win32.Build.0 = Win7 Debug|Win32
		{F2708006-1032-4832-9122-109418C97549}.Win7 Debug|x64.ActiveCfg = Win7 Debug|x64
		{F2708006-1032-4832-9122-109418C97549}.Win7 Debug|x64.Build.0 = Win7 Debug|x64
		{F2708006-1032-4832-9122-109418C97549}.Win7 Release|Win32.ActiveCfg = Win7 Release|Win32
		{F2708006-1032-4832-9122-109418C97549}.Win7 Release|Win32.Build.0 = Win7 Release|Win32
		{F2708006-1032-4832-9122-109418C97549}.Win7 Release|x64.ActiveCfg = Win7 Release|x64
		{F2708006-1032-4832-9122-109418C97549}.Win7 Release|x64.Build.0 = Win7 Release|x64
		{1BD732CD-3775-4EE3-9A0D-B55D2E06DC37}.Win8.1 Debug|Win32.ActiveCfg = Win8.1 Debug|Win32
		{1BD732CD-3775-4EE3-9A0D-B55D2E06DC37}.Win8.1 Debug|Win32.Build.0 = Win8.1 Debug|Win32
		{1BD732CD-3775-4EE3-9A0D-B55D2E06DC37}.Win8.1 Debug|x64.ActiveCfg = Win8.1 Debug|x64
		{1BD732CD-3775-4EE3-9A0D-B55D2E06DC37}.Win8.1 Debug|x64.Build.0 = Win8.1 Debug|x64
		{1BD732CD-3775-4EE3-9A0D-B55D2E06DC37}.Win8.1 Release|Win32.ActiveCfg = Win8.1 Release|Win32
		{1BD732CD-3775-4EE3-9A0D-B55D2E06DC37}.Win8.1 Release|Win32.Build.0 = Win8.1 Release|Win32
		{1BD732CD-3775-4EE3-9A0D-B55D2E06DC37}.Win8.1 Release|x64.ActiveCfg = Win8.1 Release|x64
		{1BD732CD-3775-4EE3-9A0D-B55D2E06DC37}.Win8.1 Release|x64.Build.0 = Win8.1 Release|x64
		{1BD732CD-3775-4EE3-9A0D-B55D2E06DC37}.Win8 Debug|Win32.ActiveCfg = Win8 Debug|Win32
		{1BD732CD-3775-4EE3-9A0D-B55D2E06DC37}.Win8 Debug|Win32.Build.0 = Win8 Debug|Win32
		{1BD732CD-3775-4EE3-9A0D-B55D2E06DC37}.Win8 Debug|x64.ActiveCfg = Win8 Debug|x64
		{1BD732CD-3775-4EE3-9A0D-B55D2E06DC37}.Win8 Debug|x64.Build.0 = Win8 Debug|x64
		{1BD732CD-3775-4EE3-9A0D-B55D2E06DC37}.Win8 Release|Win32.ActiveCfg = Win8 Release|Win32
		{1BD732CD-3775-4EE3-9A0D-B55D2E06DC37}.Win8 Release|Win32.Build.0 = Win8 Release|Win32
		{1BD732CD-3775-4EE3-9A0D-B55D2E06DC37}.Win8 Release|x64.ActiveCfg = Win8 Release|x64
		{1BD732CD-3775-4EE3-9A0D-B55D2E06DC37}.Win8 Release|x64.Build.0 = Win8 Release|x64
		{1BD732CD-3775-4EE3-9A0D-B55D2E06DC37}.Win7 Debug|Win32.ActiveCfg = Win7 Debug|Win32
		{1BD732CD-3775-4EE3-9A0D-B55D2E06DC37}.Win7 Debug|Win32.Build.0 = Win7 Debug|Win32
		{1BD732CD-3775-4EE3-9A0D-B55D2E06DC37}.Win7 Debug|x64.ActiveCfg = Win7 Debug|x64
		{1BD732CD-3775-4EE3-9A0D-B55D2E06DC37}.Win7 Debug|x64.Build.0 = Win7 Debug|x64
		{1BD732CD-3775-4EE3-9A0D-B55D2E06DC37}.Win7 Release|Win32.ActiveCfg = Win7 Release|Win32
		{1BD732CD-3775-4EE3-9A0D-B55D2E06DC37}.Win7 Release|Win32.Build.0 = Win7 Release|Win32
		{1BD732CD-3775-4EE3-9A0D-B55D2E06DC37}.Win7 Release|x64.ActiveCfg = Win7 Release|x64
		{1BD732CD-3775-4EE3-9A0D-B55D2E06DC37}.Win7 Release|x64.Build.0 = Win7 Release|x64
	EndGlobalSection
	GlobalSection(SolutionProperties) = preSolution
		HideSolutionNode = FALSE
	EndGlobalSection
	GlobalSection(NestedProjects) = preSolution
		{F2708006-1032-4832-9122-109418C97549} = {CB0D9256-9915-4222-83CF-17F634AD0354}
	EndGlobalSection
EndGlobal
